// !$*UTF8*$!
{
	archiveVersion = 1;
	classes = {
	};
	objectVersion = 50;
	objects = {

/* Begin PBXBuildFile section */
		685AE9B02518F67B00F9A3E6 /* Route.swift in Sources */ = {isa = PBXBuildFile; fileRef = 685AE9AF2518F67B00F9A3E6 /* Route.swift */; };
		686AF7562509803B006768B1 /* RouteCreationViewController.swift in Sources */ = {isa = PBXBuildFile; fileRef = 686AF7552509803B006768B1 /* RouteCreationViewController.swift */; };
		686AF75825098063006768B1 /* RouteListViewController.swift in Sources */ = {isa = PBXBuildFile; fileRef = 686AF75725098063006768B1 /* RouteListViewController.swift */; };
		686AF75A25098100006768B1 /* RunTrackingViewController.swift in Sources */ = {isa = PBXBuildFile; fileRef = 686AF75925098100006768B1 /* RunTrackingViewController.swift */; };
		687141C425151E5D006F7FBE /* MapAnnotation.swift in Sources */ = {isa = PBXBuildFile; fileRef = 687141C325151E5D006F7FBE /* MapAnnotation.swift */; };
		687141C8251523ED006F7FBE /* LocationSearchViewModel.swift in Sources */ = {isa = PBXBuildFile; fileRef = 687141C7251523ED006F7FBE /* LocationSearchViewModel.swift */; };
		687141CC25152A19006F7FBE /* LocationSearchView.swift in Sources */ = {isa = PBXBuildFile; fileRef = 687141CB25152A19006F7FBE /* LocationSearchView.swift */; };
		687141D025152CB3006F7FBE /* LocationSearchViewModel.swift in Sources */ = {isa = PBXBuildFile; fileRef = 687141CF25152CB3006F7FBE /* LocationSearchViewModel.swift */; };
		68C1CA4E24FC6AC4001D4340 /* AppDelegate.swift in Sources */ = {isa = PBXBuildFile; fileRef = 68C1CA4D24FC6AC4001D4340 /* AppDelegate.swift */; };
		68C1CA5024FC6AC4001D4340 /* SceneDelegate.swift in Sources */ = {isa = PBXBuildFile; fileRef = 68C1CA4F24FC6AC4001D4340 /* SceneDelegate.swift */; };
		68C1CA5524FC6AC4001D4340 /* Main.storyboard in Resources */ = {isa = PBXBuildFile; fileRef = 68C1CA5324FC6AC4001D4340 /* Main.storyboard */; };
		68C1CA5724FC6AC7001D4340 /* Assets.xcassets in Resources */ = {isa = PBXBuildFile; fileRef = 68C1CA5624FC6AC7001D4340 /* Assets.xcassets */; };
		68C1CA5A24FC6AC7001D4340 /* LaunchScreen.storyboard in Resources */ = {isa = PBXBuildFile; fileRef = 68C1CA5824FC6AC7001D4340 /* LaunchScreen.storyboard */; };
		68C1CA6524FC6AC7001D4340 /* Route_and_RunTests.swift in Sources */ = {isa = PBXBuildFile; fileRef = 68C1CA6424FC6AC7001D4340 /* Route_and_RunTests.swift */; };
		68C65A4A250A73C000941B05 /* RouteCreationViewModel.swift in Sources */ = {isa = PBXBuildFile; fileRef = 68C65A49250A73C000941B05 /* RouteCreationViewModel.swift */; };
		68C65A4C250A750900941B05 /* MapAPI.swift in Sources */ = {isa = PBXBuildFile; fileRef = 68C65A4B250A750900941B05 /* MapAPI.swift */; };
		68C65A4F250A761500941B05 /* MapsServiceController.swift in Sources */ = {isa = PBXBuildFile; fileRef = 68C65A4E250A761500941B05 /* MapsServiceController.swift */; };
		68C65A52250A779500941B05 /* CLLocationCoordinate2D+Extensions.swift in Sources */ = {isa = PBXBuildFile; fileRef = 68C65A51250A779500941B05 /* CLLocationCoordinate2D+Extensions.swift */; };
		68CC59FD250D6E0700BF3804 /* LocationSearchResultTableViewCell.swift in Sources */ = {isa = PBXBuildFile; fileRef = 68CC59FC250D6E0700BF3804 /* LocationSearchResultTableViewCell.swift */; };
		68D64B2F250662C000E7D087 /* CoreLocation.framework in Frameworks */ = {isa = PBXBuildFile; fileRef = 68D64B2E250662C000E7D087 /* CoreLocation.framework */; };
		68D64B3525076C5700E7D087 /* RouteCreationViewLayer.swift in Sources */ = {isa = PBXBuildFile; fileRef = 68D64B3425076C5700E7D087 /* RouteCreationViewLayer.swift */; };
		68D948502511440C008FAF0F /* RouteCreationViewModelTests.swift in Sources */ = {isa = PBXBuildFile; fileRef = 68D9484F2511440C008FAF0F /* RouteCreationViewModelTests.swift */; };
		68D94852251144B5008FAF0F /* MockRouteCreationViewController.swift in Sources */ = {isa = PBXBuildFile; fileRef = 68D94851251144B5008FAF0F /* MockRouteCreationViewController.swift */; };
		68D94854251149ED008FAF0F /* MockMapServiceController.swift in Sources */ = {isa = PBXBuildFile; fileRef = 68D94853251149ED008FAF0F /* MockMapServiceController.swift */; };
		68D9485725115370008FAF0F /* Styles.swift in Sources */ = {isa = PBXBuildFile; fileRef = 68D9485625115370008FAF0F /* Styles.swift */; };
		68DE95F82516A6E80006F769 /* LocationSearchViewController.swift in Sources */ = {isa = PBXBuildFile; fileRef = 68DE95F72516A6E70006F769 /* LocationSearchViewController.swift */; };
		68DE95FC2516DC0E0006F769 /* MapAnnotationView.swift in Sources */ = {isa = PBXBuildFile; fileRef = 68DE95FB2516DC0E0006F769 /* MapAnnotationView.swift */; };
		68E39142250F819800EF224E /* RouteSegment.swift in Sources */ = {isa = PBXBuildFile; fileRef = 68E39141250F819800EF224E /* RouteSegment.swift */; };
/* End PBXBuildFile section */

/* Begin PBXContainerItemProxy section */
		68C1CA6124FC6AC7001D4340 /* PBXContainerItemProxy */ = {
			isa = PBXContainerItemProxy;
			containerPortal = 68C1CA4224FC6AC4001D4340 /* Project object */;
			proxyType = 1;
			remoteGlobalIDString = 68C1CA4924FC6AC4001D4340;
			remoteInfo = "Route and Run";
		};
/* End PBXContainerItemProxy section */

/* Begin PBXFileReference section */
		685AE9AF2518F67B00F9A3E6 /* Route.swift */ = {isa = PBXFileReference; lastKnownFileType = sourcecode.swift; path = Route.swift; sourceTree = "<group>"; };
		686AF7552509803B006768B1 /* RouteCreationViewController.swift */ = {isa = PBXFileReference; lastKnownFileType = sourcecode.swift; path = RouteCreationViewController.swift; sourceTree = "<group>"; };
		686AF75725098063006768B1 /* RouteListViewController.swift */ = {isa = PBXFileReference; lastKnownFileType = sourcecode.swift; path = RouteListViewController.swift; sourceTree = "<group>"; };
		686AF75925098100006768B1 /* RunTrackingViewController.swift */ = {isa = PBXFileReference; lastKnownFileType = sourcecode.swift; path = RunTrackingViewController.swift; sourceTree = "<group>"; };
		687141C325151E5D006F7FBE /* MapAnnotation.swift */ = {isa = PBXFileReference; lastKnownFileType = sourcecode.swift; path = MapAnnotation.swift; sourceTree = "<group>"; };
		687141C7251523ED006F7FBE /* LocationSearchViewModel.swift */ = {isa = PBXFileReference; lastKnownFileType = sourcecode.swift; path = LocationSearchViewModel.swift; sourceTree = "<group>"; };
		687141CB25152A19006F7FBE /* LocationSearchView.swift */ = {isa = PBXFileReference; lastKnownFileType = sourcecode.swift; path = LocationSearchView.swift; sourceTree = "<group>"; };
		687141CF25152CB3006F7FBE /* LocationSearchViewModel.swift */ = {isa = PBXFileReference; lastKnownFileType = sourcecode.swift; path = LocationSearchViewModel.swift; sourceTree = "<group>"; };
		68C1CA4A24FC6AC4001D4340 /* Route and Run.app */ = {isa = PBXFileReference; explicitFileType = wrapper.application; includeInIndex = 0; path = "Route and Run.app"; sourceTree = BUILT_PRODUCTS_DIR; };
		68C1CA4D24FC6AC4001D4340 /* AppDelegate.swift */ = {isa = PBXFileReference; lastKnownFileType = sourcecode.swift; path = AppDelegate.swift; sourceTree = "<group>"; };
		68C1CA4F24FC6AC4001D4340 /* SceneDelegate.swift */ = {isa = PBXFileReference; lastKnownFileType = sourcecode.swift; path = SceneDelegate.swift; sourceTree = "<group>"; };
		68C1CA5424FC6AC4001D4340 /* Base */ = {isa = PBXFileReference; lastKnownFileType = file.storyboard; name = Base; path = Base.lproj/Main.storyboard; sourceTree = "<group>"; };
		68C1CA5624FC6AC7001D4340 /* Assets.xcassets */ = {isa = PBXFileReference; lastKnownFileType = folder.assetcatalog; path = Assets.xcassets; sourceTree = "<group>"; };
		68C1CA5924FC6AC7001D4340 /* Base */ = {isa = PBXFileReference; lastKnownFileType = file.storyboard; name = Base; path = Base.lproj/LaunchScreen.storyboard; sourceTree = "<group>"; };
		68C1CA5B24FC6AC7001D4340 /* Info.plist */ = {isa = PBXFileReference; lastKnownFileType = text.plist.xml; path = Info.plist; sourceTree = "<group>"; };
		68C1CA6024FC6AC7001D4340 /* Route and RunTests.xctest */ = {isa = PBXFileReference; explicitFileType = wrapper.cfbundle; includeInIndex = 0; path = "Route and RunTests.xctest"; sourceTree = BUILT_PRODUCTS_DIR; };
		68C1CA6424FC6AC7001D4340 /* Route_and_RunTests.swift */ = {isa = PBXFileReference; lastKnownFileType = sourcecode.swift; path = Route_and_RunTests.swift; sourceTree = "<group>"; };
		68C1CA6624FC6AC7001D4340 /* Info.plist */ = {isa = PBXFileReference; lastKnownFileType = text.plist.xml; path = Info.plist; sourceTree = "<group>"; };
		68C65A49250A73C000941B05 /* RouteCreationViewModel.swift */ = {isa = PBXFileReference; lastKnownFileType = sourcecode.swift; path = RouteCreationViewModel.swift; sourceTree = "<group>"; };
		68C65A4B250A750900941B05 /* MapAPI.swift */ = {isa = PBXFileReference; lastKnownFileType = sourcecode.swift; path = MapAPI.swift; sourceTree = "<group>"; };
		68C65A4E250A761500941B05 /* MapsServiceController.swift */ = {isa = PBXFileReference; lastKnownFileType = sourcecode.swift; path = MapsServiceController.swift; sourceTree = "<group>"; };
		68C65A51250A779500941B05 /* CLLocationCoordinate2D+Extensions.swift */ = {isa = PBXFileReference; lastKnownFileType = sourcecode.swift; path = "CLLocationCoordinate2D+Extensions.swift"; sourceTree = "<group>"; };
		68CC59FC250D6E0700BF3804 /* LocationSearchResultTableViewCell.swift */ = {isa = PBXFileReference; lastKnownFileType = sourcecode.swift; path = LocationSearchResultTableViewCell.swift; sourceTree = "<group>"; };
		68D64B2E250662C000E7D087 /* CoreLocation.framework */ = {isa = PBXFileReference; lastKnownFileType = wrapper.framework; name = CoreLocation.framework; path = System/Library/Frameworks/CoreLocation.framework; sourceTree = SDKROOT; };
		68D64B3425076C5700E7D087 /* RouteCreationViewLayer.swift */ = {isa = PBXFileReference; lastKnownFileType = sourcecode.swift; path = RouteCreationViewLayer.swift; sourceTree = "<group>"; };
		68D9484F2511440C008FAF0F /* RouteCreationViewModelTests.swift */ = {isa = PBXFileReference; lastKnownFileType = sourcecode.swift; path = RouteCreationViewModelTests.swift; sourceTree = "<group>"; };
		68D94851251144B5008FAF0F /* MockRouteCreationViewController.swift */ = {isa = PBXFileReference; lastKnownFileType = sourcecode.swift; path = MockRouteCreationViewController.swift; sourceTree = "<group>"; };
		68D94853251149ED008FAF0F /* MockMapServiceController.swift */ = {isa = PBXFileReference; lastKnownFileType = sourcecode.swift; path = MockMapServiceController.swift; sourceTree = "<group>"; };
		68D9485625115370008FAF0F /* Styles.swift */ = {isa = PBXFileReference; lastKnownFileType = sourcecode.swift; path = Styles.swift; sourceTree = "<group>"; };
		68DE95F72516A6E70006F769 /* LocationSearchViewController.swift */ = {isa = PBXFileReference; lastKnownFileType = sourcecode.swift; path = LocationSearchViewController.swift; sourceTree = "<group>"; };
		68DE95FB2516DC0E0006F769 /* MapAnnotationView.swift */ = {isa = PBXFileReference; lastKnownFileType = sourcecode.swift; path = MapAnnotationView.swift; sourceTree = "<group>"; };
		68E39141250F819800EF224E /* RouteSegment.swift */ = {isa = PBXFileReference; fileEncoding = 4; lastKnownFileType = sourcecode.swift; path = RouteSegment.swift; sourceTree = "<group>"; };
/* End PBXFileReference section */

/* Begin PBXFrameworksBuildPhase section */
		68C1CA4724FC6AC4001D4340 /* Frameworks */ = {
			isa = PBXFrameworksBuildPhase;
			buildActionMask = 2147483647;
			files = (
				68D64B2F250662C000E7D087 /* CoreLocation.framework in Frameworks */,
			);
			runOnlyForDeploymentPostprocessing = 0;
		};
		68C1CA5D24FC6AC7001D4340 /* Frameworks */ = {
			isa = PBXFrameworksBuildPhase;
			buildActionMask = 2147483647;
			files = (
			);
			runOnlyForDeploymentPostprocessing = 0;
		};
/* End PBXFrameworksBuildPhase section */

/* Begin PBXGroup section */
		686AF75225097F25006768B1 /* Views */ = {
			isa = PBXGroup;
			children = (
				68C633AB25100ED900DB0975 /* Table View Cells */,
				68C633AA25100EC400DB0975 /* Annotations */,
				68C633A825100E5800DB0975 /* Controllers */,
			);
			path = Views;
			sourceTree = "<group>";
		};
		686AF75325097F3E006768B1 /* ViewModels */ = {
			isa = PBXGroup;
			children = (
				68C65A49250A73C000941B05 /* RouteCreationViewModel.swift */,
				687141C7251523ED006F7FBE /* LocationSearchViewModel.swift */,
			);
			path = ViewModels;
			sourceTree = "<group>";
		};
		68C1CA4124FC6AC4001D4340 = {
			isa = PBXGroup;
			children = (
				68C1CA4C24FC6AC4001D4340 /* Route and Run */,
				68C1CA6324FC6AC7001D4340 /* Route and RunTests */,
				68C1CA4B24FC6AC4001D4340 /* Products */,
				68D64B2D250662C000E7D087 /* Frameworks */,
			);
			sourceTree = "<group>";
		};
		68C1CA4B24FC6AC4001D4340 /* Products */ = {
			isa = PBXGroup;
			children = (
				68C1CA4A24FC6AC4001D4340 /* Route and Run.app */,
				68C1CA6024FC6AC7001D4340 /* Route and RunTests.xctest */,
			);
			name = Products;
			sourceTree = "<group>";
		};
		68C1CA4C24FC6AC4001D4340 /* Route and Run */ = {
			isa = PBXGroup;
			children = (
				68C1CA5B24FC6AC7001D4340 /* Info.plist */,
				68C1CA4D24FC6AC4001D4340 /* AppDelegate.swift */,
				68C1CA4F24FC6AC4001D4340 /* SceneDelegate.swift */,
				68C1CA5624FC6AC7001D4340 /* Assets.xcassets */,
				68C1CA5824FC6AC7001D4340 /* LaunchScreen.storyboard */,
				68C1CA5324FC6AC4001D4340 /* Main.storyboard */,
				68E39132250F7E5200EF224E /* Models */,
				68C65A4D250A75DB00941B05 /* Other Controllers */,
				68D64B38250772CA00E7D087 /* Protocols */,
				68C65A50250A775000941B05 /* Utils */,
				686AF75325097F3E006768B1 /* ViewModels */,
				686AF75225097F25006768B1 /* Views */,
			);
			path = "Route and Run";
			sourceTree = "<group>";
		};
		68C1CA6324FC6AC7001D4340 /* Route and RunTests */ = {
			isa = PBXGroup;
			children = (
				68C1CA6624FC6AC7001D4340 /* Info.plist */,
				68C1CA6424FC6AC7001D4340 /* Route_and_RunTests.swift */,
				68D9485525114AD4008FAF0F /* Mocks */,
				68D9484E251143D8008FAF0F /* View Models */,
			);
			path = "Route and RunTests";
			sourceTree = "<group>";
		};
		68C633A825100E5800DB0975 /* Controllers */ = {
			isa = PBXGroup;
			children = (
				686AF7552509803B006768B1 /* RouteCreationViewController.swift */,
				686AF75725098063006768B1 /* RouteListViewController.swift */,
				686AF75925098100006768B1 /* RunTrackingViewController.swift */,
				68DE95F72516A6E70006F769 /* LocationSearchViewController.swift */,
			);
			path = Controllers;
			sourceTree = "<group>";
		};
		68C633AA25100EC400DB0975 /* Annotations */ = {
			isa = PBXGroup;
			children = (
				68DE95FB2516DC0E0006F769 /* MapAnnotationView.swift */,
			);
			path = Annotations;
			sourceTree = "<group>";
		};
		68C633AB25100ED900DB0975 /* Table View Cells */ = {
			isa = PBXGroup;
			children = (
				68CC59FC250D6E0700BF3804 /* LocationSearchResultTableViewCell.swift */,
			);
			path = "Table View Cells";
			sourceTree = "<group>";
		};
		68C65A4D250A75DB00941B05 /* Other Controllers */ = {
			isa = PBXGroup;
			children = (
				68C65A4E250A761500941B05 /* MapsServiceController.swift */,
			);
			path = "Other Controllers";
			sourceTree = "<group>";
		};
		68C65A50250A775000941B05 /* Utils */ = {
			isa = PBXGroup;
			children = (
				68C65A51250A779500941B05 /* CLLocationCoordinate2D+Extensions.swift */,
				68D9485625115370008FAF0F /* Styles.swift */,
			);
			path = Utils;
			sourceTree = "<group>";
		};
		68D64B2D250662C000E7D087 /* Frameworks */ = {
			isa = PBXGroup;
			children = (
				68D64B2E250662C000E7D087 /* CoreLocation.framework */,
			);
			name = Frameworks;
			sourceTree = "<group>";
		};
		68D64B38250772CA00E7D087 /* Protocols */ = {
			isa = PBXGroup;
			children = (
				68D64B3425076C5700E7D087 /* RouteCreationViewLayer.swift */,
				68C65A4B250A750900941B05 /* MapAPI.swift */,
				687141CB25152A19006F7FBE /* LocationSearchView.swift */,
			);
			path = Protocols;
			sourceTree = "<group>";
		};
		68D9484E251143D8008FAF0F /* View Models */ = {
			isa = PBXGroup;
			children = (
				68D9484F2511440C008FAF0F /* RouteCreationViewModelTests.swift */,
				687141CF25152CB3006F7FBE /* LocationSearchViewModel.swift */,
			);
			path = "View Models";
			sourceTree = "<group>";
		};
		68D9485525114AD4008FAF0F /* Mocks */ = {
			isa = PBXGroup;
			children = (
				68D94851251144B5008FAF0F /* MockRouteCreationViewController.swift */,
				68D94853251149ED008FAF0F /* MockMapServiceController.swift */,
			);
			path = Mocks;
			sourceTree = "<group>";
		};
		68E39132250F7E5200EF224E /* Models */ = {
			isa = PBXGroup;
			children = (
				68E39141250F819800EF224E /* RouteSegment.swift */,
				687141C325151E5D006F7FBE /* MapAnnotation.swift */,
				685AE9AF2518F67B00F9A3E6 /* Route.swift */,
			);
			path = Models;
			sourceTree = "<group>";
		};
/* End PBXGroup section */

/* Begin PBXNativeTarget section */
		68C1CA4924FC6AC4001D4340 /* Route and Run */ = {
			isa = PBXNativeTarget;
			buildConfigurationList = 68C1CA6924FC6AC7001D4340 /* Build configuration list for PBXNativeTarget "Route and Run" */;
			buildPhases = (
				68C1CA4624FC6AC4001D4340 /* Sources */,
				68C1CA4724FC6AC4001D4340 /* Frameworks */,
				68C1CA4824FC6AC4001D4340 /* Resources */,
			);
			buildRules = (
			);
			dependencies = (
			);
			name = "Route and Run";
			productName = "Route and Run";
			productReference = 68C1CA4A24FC6AC4001D4340 /* Route and Run.app */;
			productType = "com.apple.product-type.application";
		};
		68C1CA5F24FC6AC7001D4340 /* Route and RunTests */ = {
			isa = PBXNativeTarget;
			buildConfigurationList = 68C1CA6C24FC6AC7001D4340 /* Build configuration list for PBXNativeTarget "Route and RunTests" */;
			buildPhases = (
				68C1CA5C24FC6AC7001D4340 /* Sources */,
				68C1CA5D24FC6AC7001D4340 /* Frameworks */,
				68C1CA5E24FC6AC7001D4340 /* Resources */,
			);
			buildRules = (
			);
			dependencies = (
				68C1CA6224FC6AC7001D4340 /* PBXTargetDependency */,
			);
			name = "Route and RunTests";
			productName = "Route and RunTests";
			productReference = 68C1CA6024FC6AC7001D4340 /* Route and RunTests.xctest */;
			productType = "com.apple.product-type.bundle.unit-test";
		};
/* End PBXNativeTarget section */

/* Begin PBXProject section */
		68C1CA4224FC6AC4001D4340 /* Project object */ = {
			isa = PBXProject;
			attributes = {
				LastSwiftUpdateCheck = 1160;
				LastUpgradeCheck = 1200;
				ORGANIZATIONNAME = "Harry Alexander";
				TargetAttributes = {
					68C1CA4924FC6AC4001D4340 = {
						CreatedOnToolsVersion = 11.6;
					};
					68C1CA5F24FC6AC7001D4340 = {
						CreatedOnToolsVersion = 11.6;
						TestTargetID = 68C1CA4924FC6AC4001D4340;
					};
				};
			};
			buildConfigurationList = 68C1CA4524FC6AC4001D4340 /* Build configuration list for PBXProject "Route and Run" */;
			compatibilityVersion = "Xcode 9.3";
			developmentRegion = en;
			hasScannedForEncodings = 0;
			knownRegions = (
				en,
				Base,
			);
			mainGroup = 68C1CA4124FC6AC4001D4340;
			productRefGroup = 68C1CA4B24FC6AC4001D4340 /* Products */;
			projectDirPath = "";
			projectRoot = "";
			targets = (
				68C1CA4924FC6AC4001D4340 /* Route and Run */,
				68C1CA5F24FC6AC7001D4340 /* Route and RunTests */,
			);
		};
/* End PBXProject section */

/* Begin PBXResourcesBuildPhase section */
		68C1CA4824FC6AC4001D4340 /* Resources */ = {
			isa = PBXResourcesBuildPhase;
			buildActionMask = 2147483647;
			files = (
				68C1CA5A24FC6AC7001D4340 /* LaunchScreen.storyboard in Resources */,
				68C1CA5724FC6AC7001D4340 /* Assets.xcassets in Resources */,
				68C1CA5524FC6AC4001D4340 /* Main.storyboard in Resources */,
			);
			runOnlyForDeploymentPostprocessing = 0;
		};
		68C1CA5E24FC6AC7001D4340 /* Resources */ = {
			isa = PBXResourcesBuildPhase;
			buildActionMask = 2147483647;
			files = (
			);
			runOnlyForDeploymentPostprocessing = 0;
		};
/* End PBXResourcesBuildPhase section */

/* Begin PBXSourcesBuildPhase section */
		68C1CA4624FC6AC4001D4340 /* Sources */ = {
			isa = PBXSourcesBuildPhase;
			buildActionMask = 2147483647;
			files = (
				68D9485725115370008FAF0F /* Styles.swift in Sources */,
				68CC59FD250D6E0700BF3804 /* LocationSearchResultTableViewCell.swift in Sources */,
				68C65A4F250A761500941B05 /* MapsServiceController.swift in Sources */,
				686AF75A25098100006768B1 /* RunTrackingViewController.swift in Sources */,
				687141C425151E5D006F7FBE /* MapAnnotation.swift in Sources */,
				68C1CA4E24FC6AC4001D4340 /* AppDelegate.swift in Sources */,
				68DE95F82516A6E80006F769 /* LocationSearchViewController.swift in Sources */,
				68C65A52250A779500941B05 /* CLLocationCoordinate2D+Extensions.swift in Sources */,
				68C65A4C250A750900941B05 /* MapAPI.swift in Sources */,
				68C1CA5024FC6AC4001D4340 /* SceneDelegate.swift in Sources */,
				68DE95FC2516DC0E0006F769 /* MapAnnotationView.swift in Sources */,
				68D64B3525076C5700E7D087 /* RouteCreationViewLayer.swift in Sources */,
				687141C8251523ED006F7FBE /* LocationSearchViewModel.swift in Sources */,
				68E39142250F819800EF224E /* RouteSegment.swift in Sources */,
				68C65A4A250A73C000941B05 /* RouteCreationViewModel.swift in Sources */,
				686AF75825098063006768B1 /* RouteListViewController.swift in Sources */,
				687141CC25152A19006F7FBE /* LocationSearchView.swift in Sources */,
				686AF7562509803B006768B1 /* RouteCreationViewController.swift in Sources */,
				685AE9B02518F67B00F9A3E6 /* Route.swift in Sources */,
			);
			runOnlyForDeploymentPostprocessing = 0;
		};
		68C1CA5C24FC6AC7001D4340 /* Sources */ = {
			isa = PBXSourcesBuildPhase;
			buildActionMask = 2147483647;
			files = (
				68C1CA6524FC6AC7001D4340 /* Route_and_RunTests.swift in Sources */,
				68D94852251144B5008FAF0F /* MockRouteCreationViewController.swift in Sources */,
				68D94854251149ED008FAF0F /* MockMapServiceController.swift in Sources */,
				687141D025152CB3006F7FBE /* LocationSearchViewModel.swift in Sources */,
				68D948502511440C008FAF0F /* RouteCreationViewModelTests.swift in Sources */,
			);
			runOnlyForDeploymentPostprocessing = 0;
		};
/* End PBXSourcesBuildPhase section */

/* Begin PBXTargetDependency section */
		68C1CA6224FC6AC7001D4340 /* PBXTargetDependency */ = {
			isa = PBXTargetDependency;
			target = 68C1CA4924FC6AC4001D4340 /* Route and Run */;
			targetProxy = 68C1CA6124FC6AC7001D4340 /* PBXContainerItemProxy */;
		};
/* End PBXTargetDependency section */

/* Begin PBXVariantGroup section */
		68C1CA5324FC6AC4001D4340 /* Main.storyboard */ = {
			isa = PBXVariantGroup;
			children = (
				68C1CA5424FC6AC4001D4340 /* Base */,
			);
			name = Main.storyboard;
			sourceTree = "<group>";
		};
		68C1CA5824FC6AC7001D4340 /* LaunchScreen.storyboard */ = {
			isa = PBXVariantGroup;
			children = (
				68C1CA5924FC6AC7001D4340 /* Base */,
			);
			name = LaunchScreen.storyboard;
			sourceTree = "<group>";
		};
/* End PBXVariantGroup section */

/* Begin XCBuildConfiguration section */
		68C1CA6724FC6AC7001D4340 /* Debug */ = {
			isa = XCBuildConfiguration;
			buildSettings = {
				ALWAYS_SEARCH_USER_PATHS = NO;
				CLANG_ANALYZER_NONNULL = YES;
				CLANG_ANALYZER_NUMBER_OBJECT_CONVERSION = YES_AGGRESSIVE;
				CLANG_CXX_LANGUAGE_STANDARD = "gnu++14";
				CLANG_CXX_LIBRARY = "libc++";
				CLANG_ENABLE_MODULES = YES;
				CLANG_ENABLE_OBJC_ARC = YES;
				CLANG_ENABLE_OBJC_WEAK = YES;
				CLANG_WARN_BLOCK_CAPTURE_AUTORELEASING = YES;
				CLANG_WARN_BOOL_CONVERSION = YES;
				CLANG_WARN_COMMA = YES;
				CLANG_WARN_CONSTANT_CONVERSION = YES;
				CLANG_WARN_DEPRECATED_OBJC_IMPLEMENTATIONS = YES;
				CLANG_WARN_DIRECT_OBJC_ISA_USAGE = YES_ERROR;
				CLANG_WARN_DOCUMENTATION_COMMENTS = YES;
				CLANG_WARN_EMPTY_BODY = YES;
				CLANG_WARN_ENUM_CONVERSION = YES;
				CLANG_WARN_INFINITE_RECURSION = YES;
				CLANG_WARN_INT_CONVERSION = YES;
				CLANG_WARN_NON_LITERAL_NULL_CONVERSION = YES;
				CLANG_WARN_OBJC_IMPLICIT_RETAIN_SELF = YES;
				CLANG_WARN_OBJC_LITERAL_CONVERSION = YES;
				CLANG_WARN_OBJC_ROOT_CLASS = YES_ERROR;
				CLANG_WARN_QUOTED_INCLUDE_IN_FRAMEWORK_HEADER = YES;
				CLANG_WARN_RANGE_LOOP_ANALYSIS = YES;
				CLANG_WARN_STRICT_PROTOTYPES = YES;
				CLANG_WARN_SUSPICIOUS_MOVE = YES;
				CLANG_WARN_UNGUARDED_AVAILABILITY = YES_AGGRESSIVE;
				CLANG_WARN_UNREACHABLE_CODE = YES;
				CLANG_WARN__DUPLICATE_METHOD_MATCH = YES;
				COPY_PHASE_STRIP = NO;
				DEBUG_INFORMATION_FORMAT = dwarf;
				ENABLE_STRICT_OBJC_MSGSEND = YES;
				ENABLE_TESTABILITY = YES;
				GCC_C_LANGUAGE_STANDARD = gnu11;
				GCC_DYNAMIC_NO_PIC = NO;
				GCC_NO_COMMON_BLOCKS = YES;
				GCC_OPTIMIZATION_LEVEL = 0;
				GCC_PREPROCESSOR_DEFINITIONS = (
					"DEBUG=1",
					"$(inherited)",
				);
				GCC_WARN_64_TO_32_BIT_CONVERSION = YES;
				GCC_WARN_ABOUT_RETURN_TYPE = YES_ERROR;
				GCC_WARN_UNDECLARED_SELECTOR = YES;
				GCC_WARN_UNINITIALIZED_AUTOS = YES_AGGRESSIVE;
				GCC_WARN_UNUSED_FUNCTION = YES;
				GCC_WARN_UNUSED_VARIABLE = YES;
				IPHONEOS_DEPLOYMENT_TARGET = 13.6;
				MTL_ENABLE_DEBUG_INFO = INCLUDE_SOURCE;
				MTL_FAST_MATH = YES;
				ONLY_ACTIVE_ARCH = YES;
				SDKROOT = iphoneos;
				SWIFT_ACTIVE_COMPILATION_CONDITIONS = DEBUG;
				SWIFT_OPTIMIZATION_LEVEL = "-Onone";
			};
			name = Debug;
		};
		68C1CA6824FC6AC7001D4340 /* Release */ = {
			isa = XCBuildConfiguration;
			buildSettings = {
				ALWAYS_SEARCH_USER_PATHS = NO;
				CLANG_ANALYZER_NONNULL = YES;
				CLANG_ANALYZER_NUMBER_OBJECT_CONVERSION = YES_AGGRESSIVE;
				CLANG_CXX_LANGUAGE_STANDARD = "gnu++14";
				CLANG_CXX_LIBRARY = "libc++";
				CLANG_ENABLE_MODULES = YES;
				CLANG_ENABLE_OBJC_ARC = YES;
				CLANG_ENABLE_OBJC_WEAK = YES;
				CLANG_WARN_BLOCK_CAPTURE_AUTORELEASING = YES;
				CLANG_WARN_BOOL_CONVERSION = YES;
				CLANG_WARN_COMMA = YES;
				CLANG_WARN_CONSTANT_CONVERSION = YES;
				CLANG_WARN_DEPRECATED_OBJC_IMPLEMENTATIONS = YES;
				CLANG_WARN_DIRECT_OBJC_ISA_USAGE = YES_ERROR;
				CLANG_WARN_DOCUMENTATION_COMMENTS = YES;
				CLANG_WARN_EMPTY_BODY = YES;
				CLANG_WARN_ENUM_CONVERSION = YES;
				CLANG_WARN_INFINITE_RECURSION = YES;
				CLANG_WARN_INT_CONVERSION = YES;
				CLANG_WARN_NON_LITERAL_NULL_CONVERSION = YES;
				CLANG_WARN_OBJC_IMPLICIT_RETAIN_SELF = YES;
				CLANG_WARN_OBJC_LITERAL_CONVERSION = YES;
				CLANG_WARN_OBJC_ROOT_CLASS = YES_ERROR;
				CLANG_WARN_QUOTED_INCLUDE_IN_FRAMEWORK_HEADER = YES;
				CLANG_WARN_RANGE_LOOP_ANALYSIS = YES;
				CLANG_WARN_STRICT_PROTOTYPES = YES;
				CLANG_WARN_SUSPICIOUS_MOVE = YES;
				CLANG_WARN_UNGUARDED_AVAILABILITY = YES_AGGRESSIVE;
				CLANG_WARN_UNREACHABLE_CODE = YES;
				CLANG_WARN__DUPLICATE_METHOD_MATCH = YES;
				COPY_PHASE_STRIP = NO;
				DEBUG_INFORMATION_FORMAT = "dwarf-with-dsym";
				ENABLE_NS_ASSERTIONS = NO;
				ENABLE_STRICT_OBJC_MSGSEND = YES;
				GCC_C_LANGUAGE_STANDARD = gnu11;
				GCC_NO_COMMON_BLOCKS = YES;
				GCC_WARN_64_TO_32_BIT_CONVERSION = YES;
				GCC_WARN_ABOUT_RETURN_TYPE = YES_ERROR;
				GCC_WARN_UNDECLARED_SELECTOR = YES;
				GCC_WARN_UNINITIALIZED_AUTOS = YES_AGGRESSIVE;
				GCC_WARN_UNUSED_FUNCTION = YES;
				GCC_WARN_UNUSED_VARIABLE = YES;
				IPHONEOS_DEPLOYMENT_TARGET = 13.6;
				MTL_ENABLE_DEBUG_INFO = NO;
				MTL_FAST_MATH = YES;
				SDKROOT = iphoneos;
				SWIFT_COMPILATION_MODE = wholemodule;
				SWIFT_OPTIMIZATION_LEVEL = "-O";
				VALIDATE_PRODUCT = YES;
			};
			name = Release;
		};
		68C1CA6A24FC6AC7001D4340 /* Debug */ = {
			isa = XCBuildConfiguration;
			buildSettings = {
				ASSETCATALOG_COMPILER_APPICON_NAME = AppIcon;
				CODE_SIGN_STYLE = Automatic;
				DEVELOPMENT_TEAM = 4JA5Y9A7R4;
				INFOPLIST_FILE = "Route and Run/Info.plist";
				LD_RUNPATH_SEARCH_PATHS = (
					"$(inherited)",
					"@executable_path/Frameworks",
				);
				PRODUCT_BUNDLE_IDENTIFIER = "com.harryalexander.Route-and-Run";
				PRODUCT_NAME = "$(TARGET_NAME)";
				SWIFT_VERSION = 5.0;
				TARGETED_DEVICE_FAMILY = "1,2";
			};
			name = Debug;
		};
		68C1CA6B24FC6AC7001D4340 /* Release */ = {
			isa = XCBuildConfiguration;
			buildSettings = {
				ASSETCATALOG_COMPILER_APPICON_NAME = AppIcon;
				CODE_SIGN_STYLE = Automatic;
				DEVELOPMENT_TEAM = 4JA5Y9A7R4;
				INFOPLIST_FILE = "Route and Run/Info.plist";
				LD_RUNPATH_SEARCH_PATHS = (
					"$(inherited)",
					"@executable_path/Frameworks",
				);
				PRODUCT_BUNDLE_IDENTIFIER = "com.harryalexander.Route-and-Run";
				PRODUCT_NAME = "$(TARGET_NAME)";
				SWIFT_VERSION = 5.0;
				TARGETED_DEVICE_FAMILY = "1,2";
			};
			name = Release;
		};
		68C1CA6D24FC6AC7001D4340 /* Debug */ = {
			isa = XCBuildConfiguration;
			buildSettings = {
				ALWAYS_EMBED_SWIFT_STANDARD_LIBRARIES = YES;
				BUNDLE_LOADER = "$(TEST_HOST)";
				CODE_SIGN_STYLE = Automatic;
				DEVELOPMENT_TEAM = 4JA5Y9A7R4;
				INFOPLIST_FILE = "Route and RunTests/Info.plist";
				IPHONEOS_DEPLOYMENT_TARGET = 13.6;
				LD_RUNPATH_SEARCH_PATHS = (
					"$(inherited)",
					"@executable_path/Frameworks",
					"@loader_path/Frameworks",
				);
				PRODUCT_BUNDLE_IDENTIFIER = "com.harryalexander.Route-and-RunTests";
				PRODUCT_NAME = "$(TARGET_NAME)";
				SWIFT_VERSION = 5.0;
				TARGETED_DEVICE_FAMILY = "1,2";
				TEST_HOST = "$(BUILT_PRODUCTS_DIR)/Route and Run.app/Route and Run";
			};
			name = Debug;
		};
		68C1CA6E24FC6AC7001D4340 /* Release */ = {
			isa = XCBuildConfiguration;
			buildSettings = {
				ALWAYS_EMBED_SWIFT_STANDARD_LIBRARIES = YES;
				BUNDLE_LOADER = "$(TEST_HOST)";
				CODE_SIGN_STYLE = Automatic;
				DEVELOPMENT_TEAM = 4JA5Y9A7R4;
				INFOPLIST_FILE = "Route and RunTests/Info.plist";
				IPHONEOS_DEPLOYMENT_TARGET = 13.6;
				LD_RUNPATH_SEARCH_PATHS = (
					"$(inherited)",
					"@executable_path/Frameworks",
					"@loader_path/Frameworks",
				);
				PRODUCT_BUNDLE_IDENTIFIER = "com.harryalexander.Route-and-RunTests";
				PRODUCT_NAME = "$(TARGET_NAME)";
				SWIFT_VERSION = 5.0;
				TARGETED_DEVICE_FAMILY = "1,2";
				TEST_HOST = "$(BUILT_PRODUCTS_DIR)/Route and Run.app/Route and Run";
			};
			name = Release;
		};
/* End XCBuildConfiguration section */

/* Begin XCConfigurationList section */
		68C1CA4524FC6AC4001D4340 /* Build configuration list for PBXProject "Route and Run" */ = {
			isa = XCConfigurationList;
			buildConfigurations = (
				68C1CA6724FC6AC7001D4340 /* Debug */,
				68C1CA6824FC6AC7001D4340 /* Release */,
			);
			defaultConfigurationIsVisible = 0;
			defaultConfigurationName = Release;
		};
		68C1CA6924FC6AC7001D4340 /* Build configuration list for PBXNativeTarget "Route and Run" */ = {
			isa = XCConfigurationList;
			buildConfigurations = (
				68C1CA6A24FC6AC7001D4340 /* Debug */,
				68C1CA6B24FC6AC7001D4340 /* Release */,
			);
			defaultConfigurationIsVisible = 0;
			defaultConfigurationName = Release;
		};
		68C1CA6C24FC6AC7001D4340 /* Build configuration list for PBXNativeTarget "Route and RunTests" */ = {
			isa = XCConfigurationList;
			buildConfigurations = (
				68C1CA6D24FC6AC7001D4340 /* Debug */,
				68C1CA6E24FC6AC7001D4340 /* Release */,
			);
			defaultConfigurationIsVisible = 0;
			defaultConfigurationName = Release;
		};
/* End XCConfigurationList section */
	};
	rootObject = 68C1CA4224FC6AC4001D4340 /* Project object */;
}
